<?xml version="1.0" encoding="utf-8"?>
<Project ToolsVersion="4.0" xmlns="http://schemas.microsoft.com/developer/msbuild/2003">
  <ItemGroup>
    <Filter Include="소스 파일">
      <UniqueIdentifier>{4FC737F1-C7A5-4376-A066-2A32D752A2FF}</UniqueIdentifier>
      <Extensions>cpp;c;cc;cxx;c++;cppm;ixx;def;odl;idl;hpj;bat;asm;asmx</Extensions>
    </Filter>
    <Filter Include="헤더 파일">
      <UniqueIdentifier>{93995380-89BD-4b04-88EB-625FBE52EBFB}</UniqueIdentifier>
      <Extensions>h;hh;hpp;hxx;h++;hm;inl;inc;ipp;xsd</Extensions>
    </Filter>
    <Filter Include="리소스 파일">
      <UniqueIdentifier>{67DA6AB6-F800-4c08-8B7A-83BB121AAD01}</UniqueIdentifier>
      <Extensions>rc;ico;cur;bmp;dlg;rc2;rct;bin;rgs;gif;jpg;jpeg;jpe;resx;tiff;tif;png;wav;mfcribbon-ms</Extensions>
    </Filter>
    <Filter Include="소스 파일\PCCE 기출문제">
      <UniqueIdentifier>{d0382c6d-ecea-4f9c-a28d-0dc171f3021e}</UniqueIdentifier>
    </Filter>
  </ItemGroup>
  <ItemGroup>
    <ClCompile Include="PCCE 1_문자출력.cpp">
      <Filter>소스 파일\PCCE 기출문제</Filter>
    </ClCompile>
    <ClCompile Include="PCCE 2_ 각도 합치기.cpp">
      <Filter>소스 파일\PCCE 기출문제</Filter>
    </ClCompile>
    <ClCompile Include="PCCE 3_ 수 나누기.cpp">
      <Filter>소스 파일\PCCE 기출문제</Filter>
    </ClCompile>
    <ClCompile Include="PCCE 4_병과 분류.cpp">
      <Filter>소스 파일\PCCE 기출문제</Filter>
    </ClCompile>
    <ClCompile Include="PCCE 5_ 심폐소생술.cpp">
      <Filter>소스 파일\PCCE 기출문제</Filter>
    </ClCompile>
    <ClCompile Include="PCCE 2_피타고라스의 정리.cpp">
      <Filter>소스 파일\PCCE 기출문제</Filter>
    </ClCompile>
    <ClCompile Include="PCCE 1_출력.cpp">
      <Filter>소스 파일\PCCE 기출문제</Filter>
    </ClCompile>
    <ClCompile Include="PCCE 8_닉네임 규칙.cpp">
      <Filter>소스 파일\PCCE 기출문제</Filter>
    </ClCompile>
    <ClCompile Include="PCCE 7_버스.cpp">
      <Filter>소스 파일\PCCE 기출문제</Filter>
    </ClCompile>
    <ClCompile Include="PCCE 6_물부족.cpp">
      <Filter>소스 파일\PCCE 기출문제</Filter>
    </ClCompile>
  </ItemGroup>
</Project>